<Solution>
  <Folder Name="/Solution Items/">
    <File Path="README.md" />
    <File Path="CLAUDE.md" />
    <File Path="PLAN.md" />
    <File Path="ARCHITECTURE.md" />
    <File Path="global.json" />
    <File Path=".gitignore" />
    <File Path=".github/workflows/build-and-deploy.yml" />
  </Folder>
  <Folder Name="/src/">
    <Project Path="src/ValueRanker.Core/ValueRanker.Core.csproj" />
    <Project Path="src/ValueRanker.Web/ValueRanker.Web.csproj" />
  </Folder>
  <Folder Name="/tests/">
    <Project Path="tests/ValueRanker.Core.Tests/ValueRanker.Core.Tests.csproj" />
    <Project Path="tests/ValueRanker.Web.SmokeTests/ValueRanker.Web.SmokeTests.csproj" />
  </Folder>
</Solution>
